
Microsoft Visual Studio Solution File, Format Version 12.00
# Visual Studio Version 16
VisualStudioVersion = 16.0.32602.291
MinimumVisualStudioVersion = 10.0.40219.1
Project("{2150E333-8FDC-42A3-9474-1A3956D46DE8}") = "Services", "Services", "{1B37BFE1-5E5E-4086-85FA-DC6516438E4E}"
EndProject
Project("{2150E333-8FDC-42A3-9474-1A3956D46DE8}") = "Catalog", "Catalog", "{B04C5801-B33D-4FD9-B4BE-EA9224B163C6}"
EndProject
Project("{9A19103F-16F7-4668-BE54-9A1E7A4F7556}") = "Catalog.API", "Services\Catalog\Catalog.API\Catalog.API.csproj", "{199D1337-7079-4A01-8767-B3FC05BE1745}"
EndProject
Project("{E53339B2-1760-4266-BCC7-CA923CBCF16C}") = "docker-compose", "docker-compose.dcproj", "{1C00DA53-2F1F-4379-A97B-379C8F776E16}"
EndProject
Global
	GlobalSection(SolutionConfigurationPlatforms) = preSolution
		Debug|Any CPU = Debug|Any CPU
		Release|Any CPU = Release|Any CPU
	EndGlobalSection
	GlobalSection(ProjectConfigurationPlatforms) = postSolution
		{199D1337-7079-4A01-8767-B3FC05BE1745}.Debug|Any CPU.ActiveCfg = Debug|Any CPU
		{199D1337-7079-4A01-8767-B3FC05BE1745}.Debug|Any CPU.Build.0 = Debug|Any CPU
		{199D1337-7079-4A01-8767-B3FC05BE1745}.Release|Any CPU.ActiveCfg = Release|Any CPU
		{199D1337-7079-4A01-8767-B3FC05BE1745}.Release|Any CPU.Build.0 = Release|Any CPU
		{1C00DA53-2F1F-4379-A97B-379C8F776E16}.Debug|Any CPU.ActiveCfg = Debug|Any CPU
		{1C00DA53-2F1F-4379-A97B-379C8F776E16}.Debug|Any CPU.Build.0 = Debug|Any CPU
		{1C00DA53-2F1F-4379-A97B-379C8F776E16}.Release|Any CPU.ActiveCfg = Release|Any CPU
		{1C00DA53-2F1F-4379-A97B-379C8F776E16}.Release|Any CPU.Build.0 = Release|Any CPU
	EndGlobalSection
	GlobalSection(SolutionProperties) = preSolution
		HideSolutionNode = FALSE
	EndGlobalSection
	GlobalSection(NestedProjects) = preSolution
		{B04C5801-B33D-4FD9-B4BE-EA9224B163C6} = {1B37BFE1-5E5E-4086-85FA-DC6516438E4E}
		{199D1337-7079-4A01-8767-B3FC05BE1745} = {B04C5801-B33D-4FD9-B4BE-EA9224B163C6}
	EndGlobalSection
	GlobalSection(ExtensibilityGlobals) = postSolution
		SolutionGuid = {365CF843-EFA8-48E3-B7D4-8D5E9DCD97EB}
	EndGlobalSection
EndGlobal
